// !$*UTF8*$!
{
	archiveVersion = 1;
	classes = {
	};
	objectVersion = 50;
	objects = {

/* Begin PBXBuildFile section */
		0A1AD76C231D572C009590DD /* AppDelegate.m in Sources */ = {isa = PBXBuildFile; fileRef = 0A1AD76B231D572C009590DD /* AppDelegate.m */; };
		0A1AD76F231D572C009590DD /* ViewController.m in Sources */ = {isa = PBXBuildFile; fileRef = 0A1AD76E231D572C009590DD /* ViewController.m */; };
		0A1AD772231D572C009590DD /* Main.storyboard in Resources */ = {isa = PBXBuildFile; fileRef = 0A1AD770231D572C009590DD /* Main.storyboard */; };
		0A1AD774231D572F009590DD /* Assets.xcassets in Resources */ = {isa = PBXBuildFile; fileRef = 0A1AD773231D572F009590DD /* Assets.xcassets */; };
		0A1AD777231D572F009590DD /* LaunchScreen.storyboard in Resources */ = {isa = PBXBuildFile; fileRef = 0A1AD775231D572F009590DD /* LaunchScreen.storyboard */; };
		0A1AD77A231D572F009590DD /* main.m in Sources */ = {isa = PBXBuildFile; fileRef = 0A1AD779231D572F009590DD /* main.m */; };
/* End PBXBuildFile section */

/* Begin PBXFileReference section */
		0A1AD767231D572C009590DD /* DaModules+Hardcore.app */ = {isa = PBXFileReference; explicitFileType = wrapper.application; includeInIndex = 0; path = "DaModules+Hardcore.app"; sourceTree = BUILT_PRODUCTS_DIR; };
		0A1AD76A231D572C009590DD /* AppDelegate.h */ = {isa = PBXFileReference; lastKnownFileType = sourcecode.c.h; path = AppDelegate.h; sourceTree = "<group>"; };
		0A1AD76B231D572C009590DD /* AppDelegate.m */ = {isa = PBXFileReference; lastKnownFileType = sourcecode.c.objc; path = AppDelegate.m; sourceTree = "<group>"; };
		0A1AD76D231D572C009590DD /* ViewController.h */ = {isa = PBXFileReference; lastKnownFileType = sourcecode.c.h; path = ViewController.h; sourceTree = "<group>"; };
		0A1AD76E231D572C009590DD /* ViewController.m */ = {isa = PBXFileReference; lastKnownFileType = sourcecode.c.objc; path = ViewController.m; sourceTree = "<group>"; };
		0A1AD771231D572C009590DD /* Base */ = {isa = PBXFileReference; lastKnownFileType = file.storyboard; name = Base; path = Base.lproj/Main.storyboard; sourceTree = "<group>"; };
		0A1AD773231D572F009590DD /* Assets.xcassets */ = {isa = PBXFileReference; lastKnownFileType = folder.assetcatalog; path = Assets.xcassets; sourceTree = "<group>"; };
		0A1AD776231D572F009590DD /* Base */ = {isa = PBXFileReference; lastKnownFileType = file.storyboard; name = Base; path = Base.lproj/LaunchScreen.storyboard; sourceTree = "<group>"; };
		0A1AD778231D572F009590DD /* Info.plist */ = {isa = PBXFileReference; lastKnownFileType = text.plist.xml; path = Info.plist; sourceTree = "<group>"; };
		0A1AD779231D572F009590DD /* main.m */ = {isa = PBXFileReference; lastKnownFileType = sourcecode.c.objc; path = main.m; sourceTree = "<group>"; };
/* End PBXFileReference section */

/* Begin PBXFrameworksBuildPhase section */
		0A1AD764231D572C009590DD /* Frameworks */ = {
			isa = PBXFrameworksBuildPhase;
			buildActionMask = 2147483647;
			files = (
			);
			runOnlyForDeploymentPostprocessing = 0;
		};
/* End PBXFrameworksBuildPhase section */

/* Begin PBXGroup section */
		0A1AD75E231D572C009590DD = {
			isa = PBXGroup;
			children = (
				0A1AD769231D572C009590DD /* DaModules+Hardcore */,
				0A1AD768231D572C009590DD /* Products */,
			);
			sourceTree = "<group>";
		};
		0A1AD768231D572C009590DD /* Products */ = {
			isa = PBXGroup;
			children = (
				0A1AD767231D572C009590DD /* DaModules+Hardcore.app */,
			);
			name = Products;
			sourceTree = "<group>";
		};
		0A1AD769231D572C009590DD /* DaModules+Hardcore */ = {
			isa = PBXGroup;
			children = (
				0A1AD76A231D572C009590DD /* AppDelegate.h */,
				0A1AD76B231D572C009590DD /* AppDelegate.m */,
				0A1AD76D231D572C009590DD /* ViewController.h */,
				0A1AD76E231D572C009590DD /* ViewController.m */,
				0A1AD770231D572C009590DD /* Main.storyboard */,
				0A1AD773231D572F009590DD /* Assets.xcassets */,
				0A1AD775231D572F009590DD /* LaunchScreen.storyboard */,
				0A1AD778231D572F009590DD /* Info.plist */,
				0A1AD779231D572F009590DD /* main.m */,
			);
			path = "DaModules+Hardcore";
			sourceTree = "<group>";
		};
/* End PBXGroup section */

/* Begin PBXNativeTarget section */
		0A1AD766231D572C009590DD /* DaModules+Hardcore */ = {
			isa = PBXNativeTarget;
			buildConfigurationList = 0A1AD77D231D572F009590DD /* Build configuration list for PBXNativeTarget "DaModules+Hardcore" */;
			buildPhases = (
				0A1AD763231D572C009590DD /* Sources */,
				0A1AD764231D572C009590DD /* Frameworks */,
				0A1AD765231D572C009590DD /* Resources */,
			);
			buildRules = (
			);
			dependencies = (
			);
			name = "DaModules+Hardcore";
			productName = "DaModules+Hardcore";
			productReference = 0A1AD767231D572C009590DD /* DaModules+Hardcore.app */;
			productType = "com.apple.product-type.application";
		};
/* End PBXNativeTarget section */

/* Begin PBXProject section */
		0A1AD75F231D572C009590DD /* Project object */ = {
			isa = PBXProject;
			attributes = {
				LastUpgradeCheck = 1030;
				ORGANIZATIONNAME = Macmafia;
				TargetAttributes = {
					0A1AD766231D572C009590DD = {
						CreatedOnToolsVersion = 10.3;
					};
				};
			};
			buildConfigurationList = 0A1AD762231D572C009590DD /* Build configuration list for PBXProject "DaModules+Hardcore" */;
			compatibilityVersion = "Xcode 9.3";
			developmentRegion = en;
			hasScannedForEncodings = 0;
			knownRegions = (
				en,
				Base,
			);
			mainGroup = 0A1AD75E231D572C009590DD;
			productRefGroup = 0A1AD768231D572C009590DD /* Products */;
			projectDirPath = "";
			projectRoot = "";
			targets = (
				0A1AD766231D572C009590DD /* DaModules+Hardcore */,
			);
		};
/* End PBXProject section */

/* Begin PBXResourcesBuildPhase section */
		0A1AD765231D572C009590DD /* Resources */ = {
			isa = PBXResourcesBuildPhase;
			buildActionMask = 2147483647;
			files = (
				0A1AD777231D572F009590DD /* LaunchScreen.storyboard in Resources */,
				0A1AD774231D572F009590DD /* Assets.xcassets in Resources */,
				0A1AD772231D572C009590DD /* Main.storyboard in Resources */,
			);
			runOnlyForDeploymentPostprocessing = 0;
		};
/* End PBXResourcesBuildPhase section */

/* Begin PBXSourcesBuildPhase section */
		0A1AD763231D572C009590DD /* Sources */ = {
			isa = PBXSourcesBuildPhase;
			buildActionMask = 2147483647;
			files = (
				0A1AD76F231D572C009590DD /* ViewController.m in Sources */,
				0A1AD77A231D572F009590DD /* main.m in Sources */,
				0A1AD76C231D572C009590DD /* AppDelegate.m in Sources */,
			);
			runOnlyForDeploymentPostprocessing = 0;
		};
/* End PBXSourcesBuildPhase section */

/* Begin PBXVariantGroup section */
		0A1AD770231D572C009590DD /* Main.storyboard */ = {
			isa = PBXVariantGroup;
			children = (
				0A1AD771231D572C009590DD /* Base */,
			);
			name = Main.storyboard;
			sourceTree = "<group>";
		};
		0A1AD775231D572F009590DD /* LaunchScreen.storyboard */ = {
			isa = PBXVariantGroup;
			children = (
				0A1AD776231D572F009590DD /* Base */,
			);
			name = LaunchScreen.storyboard;
			sourceTree = "<group>";
		};
/* End PBXVariantGroup section */

/* Begin XCBuildConfiguration section */
		0A1AD77B231D572F009590DD /* Debug */ = {
			isa = XCBuildConfiguration;
			buildSettings = {
				ALWAYS_SEARCH_USER_PATHS = NO;
				CLANG_ANALYZER_NONNULL = YES;
				CLANG_ANALYZER_NUMBER_OBJECT_CONVERSION = YES_AGGRESSIVE;
				CLANG_CXX_LANGUAGE_STANDARD = "gnu++14";
				CLANG_CXX_LIBRARY = "libc++";
				CLANG_ENABLE_MODULES = YES;
				CLANG_ENABLE_OBJC_ARC = YES;
				CLANG_ENABLE_OBJC_WEAK = YES;
				CLANG_WARN_BLOCK_CAPTURE_AUTORELEASING = YES;
				CLANG_WARN_BOOL_CONVERSION = YES;
				CLANG_WARN_COMMA = YES;
				CLANG_WARN_CONSTANT_CONVERSION = YES;
				CLANG_WARN_DEPRECATED_OBJC_IMPLEMENTATIONS = YES;
				CLANG_WARN_DIRECT_OBJC_ISA_USAGE = YES_ERROR;
				CLANG_WARN_DOCUMENTATION_COMMENTS = YES;
				CLANG_WARN_EMPTY_BODY = YES;
				CLANG_WARN_ENUM_CONVERSION = YES;
				CLANG_WARN_INFINITE_RECURSION = YES;
				CLANG_WARN_INT_CONVERSION = YES;
				CLANG_WARN_NON_LITERAL_NULL_CONVERSION = YES;
				CLANG_WARN_OBJC_IMPLICIT_RETAIN_SELF = YES;
				CLANG_WARN_OBJC_LITERAL_CONVERSION = YES;
				CLANG_WARN_OBJC_ROOT_CLASS = YES_ERROR;
				CLANG_WARN_RANGE_LOOP_ANALYSIS = YES;
				CLANG_WARN_STRICT_PROTOTYPES = YES;
				CLANG_WARN_SUSPICIOUS_MOVE = YES;
				CLANG_WARN_UNGUARDED_AVAILABILITY = YES_AGGRESSIVE;
				CLANG_WARN_UNREACHABLE_CODE = YES;
				CLANG_WARN__DUPLICATE_METHOD_MATCH = YES;
				CODE_SIGN_IDENTITY = "iPhone Developer";
				COPY_PHASE_STRIP = NO;
				DEBUG_INFORMATION_FORMAT = dwarf;
				ENABLE_STRICT_OBJC_MSGSEND = YES;
				ENABLE_TESTABILITY = YES;
				GCC_C_LANGUAGE_STANDARD = gnu11;
				GCC_DYNAMIC_NO_PIC = NO;
				GCC_NO_COMMON_BLOCKS = YES;
				GCC_OPTIMIZATION_LEVEL = 0;
				GCC_PREPROCESSOR_DEFINITIONS = (
					"DEBUG=1",
					"$(inherited)",
				);
				GCC_WARN_64_TO_32_BIT_CONVERSION = YES;
				GCC_WARN_ABOUT_RETURN_TYPE = YES_ERROR;
				GCC_WARN_UNDECLARED_SELECTOR = YES;
				GCC_WARN_UNINITIALIZED_AUTOS = YES_AGGRESSIVE;
				GCC_WARN_UNUSED_FUNCTION = YES;
				GCC_WARN_UNUSED_VARIABLE = YES;
				IPHONEOS_DEPLOYMENT_TARGET = 12.4;
				MTL_ENABLE_DEBUG_INFO = INCLUDE_SOURCE;
				MTL_FAST_MATH = YES;
				ONLY_ACTIVE_ARCH = YES;
				SDKROOT = iphoneos;
			};
			name = Debug;
		};
		0A1AD77C231D572F009590DD /* Release */ = {
			isa = XCBuildConfiguration;
			buildSettings = {
				ALWAYS_SEARCH_USER_PATHS = NO;
				CLANG_ANALYZER_NONNULL = YES;
				CLANG_ANALYZER_NUMBER_OBJECT_CONVERSION = YES_AGGRESSIVE;
				CLANG_CXX_LANGUAGE_STANDARD = "gnu++14";
				CLANG_CXX_LIBRARY = "libc++";
				CLANG_ENABLE_MODULES = YES;
				CLANG_ENABLE_OBJC_ARC = YES;
				CLANG_ENABLE_OBJC_WEAK = YES;
				CLANG_WARN_BLOCK_CAPTURE_AUTORELEASING = YES;
				CLANG_WARN_BOOL_CONVERSION = YES;
				CLANG_WARN_COMMA = YES;
				CLANG_WARN_CONSTANT_CONVERSION = YES;
				CLANG_WARN_DEPRECATED_OBJC_IMPLEMENTATIONS = YES;
				CLANG_WARN_DIRECT_OBJC_ISA_USAGE = YES_ERROR;
				CLANG_WARN_DOCUMENTATION_COMMENTS = YES;
				CLANG_WARN_EMPTY_BODY = YES;
				CLANG_WARN_ENUM_CONVERSION = YES;
				CLANG_WARN_INFINITE_RECURSION = YES;
				CLANG_WARN_INT_CONVERSION = YES;
				CLANG_WARN_NON_LITERAL_NULL_CONVERSION = YES;
				CLANG_WARN_OBJC_IMPLICIT_RETAIN_SELF = YES;
				CLANG_WARN_OBJC_LITERAL_CONVERSION = YES;
				CLANG_WARN_OBJC_ROOT_CLASS = YES_ERROR;
				CLANG_WARN_RANGE_LOOP_ANALYSIS = YES;
				CLANG_WARN_STRICT_PROTOTYPES = YES;
				CLANG_WARN_SUSPICIOUS_MOVE = YES;
				CLANG_WARN_UNGUARDED_AVAILABILITY = YES_AGGRESSIVE;
				CLANG_WARN_UNREACHABLE_CODE = YES;
				CLANG_WARN__DUPLICATE_METHOD_MATCH = YES;
				CODE_SIGN_IDENTITY = "iPhone Developer";
				COPY_PHASE_STRIP = NO;
				DEBUG_INFORMATION_FORMAT = "dwarf-with-dsym";
				ENABLE_NS_ASSERTIONS = NO;
				ENABLE_STRICT_OBJC_MSGSEND = YES;
				GCC_C_LANGUAGE_STANDARD = gnu11;
				GCC_NO_COMMON_BLOCKS = YES;
				GCC_WARN_64_TO_32_BIT_CONVERSION = YES;
				GCC_WARN_ABOUT_RETURN_TYPE = YES_ERROR;
				GCC_WARN_UNDECLARED_SELECTOR = YES;
				GCC_WARN_UNINITIALIZED_AUTOS = YES_AGGRESSIVE;
				GCC_WARN_UNUSED_FUNCTION = YES;
				GCC_WARN_UNUSED_VARIABLE = YES;
				IPHONEOS_DEPLOYMENT_TARGET = 12.4;
				MTL_ENABLE_DEBUG_INFO = NO;
				MTL_FAST_MATH = YES;
				SDKROOT = iphoneos;
				VALIDATE_PRODUCT = YES;
			};
			name = Release;
		};
		0A1AD77E231D572F009590DD /* Debug */ = {
			isa = XCBuildConfiguration;
			buildSettings = {
				ASSETCATALOG_COMPILER_APPICON_NAME = AppIcon;
				CODE_SIGN_STYLE = Automatic;
				INFOPLIST_FILE = "DaModules+Hardcore/Info.plist";
				LD_RUNPATH_SEARCH_PATHS = (
					"$(inherited)",
					"@executable_path/Frameworks",
				);
				PRODUCT_BUNDLE_IDENTIFIER = "David.DaModules-Hardcore";
				PRODUCT_NAME = "$(TARGET_NAME)";
				TARGETED_DEVICE_FAMILY = "1,2";
			};
			name = Debug;
		};
		0A1AD77F231D572F009590DD /* Release */ = {
			isa = XCBuildConfiguration;
			buildSettings = {
				ASSETCATALOG_COMPILER_APPICON_NAME = AppIcon;
				CODE_SIGN_STYLE = Automatic;
				INFOPLIST_FILE = "DaModules+Hardcore/Info.plist";
				LD_RUNPATH_SEARCH_PATHS = (
					"$(inherited)",
					"@executable_path/Frameworks",
				);
				PRODUCT_BUNDLE_IDENTIFIER = "David.DaModules-Hardcore";
				PRODUCT_NAME = "$(TARGET_NAME)";
				TARGETED_DEVICE_FAMILY = "1,2";
			};
			name = Release;
		};
/* End XCBuildConfiguration section */

/* Begin XCConfigurationList section */
		0A1AD762231D572C009590DD /* Build configuration list for PBXProject "DaModules+Hardcore" */ = {
			isa = XCConfigurationList;
			buildConfigurations = (
				0A1AD77B231D572F009590DD /* Debug */,
				0A1AD77C231D572F009590DD /* Release */,
			);
			defaultConfigurationIsVisible = 0;
			defaultConfigurationName = Release;
		};
		0A1AD77D231D572F009590DD /* Build configuration list for PBXNativeTarget "DaModules+Hardcore" */ = {
			isa = XCConfigurationList;
			buildConfigurations = (
				0A1AD77E231D572F009590DD /* Debug */,
				0A1AD77F231D572F009590DD /* Release */,
			);
			defaultConfigurationIsVisible = 0;
			defaultConfigurationName = Release;
		};
/* End XCConfigurationList section */
	};
	rootObject = 0A1AD75F231D572C009590DD /* Project object */;
}
